{
	"name": "stencil-lesson",
	"version": "0.0.1",
	"lockfileVersion": 2,
	"requires": true,
	"packages": {
		"": {
			"version": "0.0.1",
			"license": "MIT",
			"dependencies": {
				"bootstrap": "^5.0.2",
				"rxjs": "^7.2.0"
			},
			"devDependencies": {
				"@stencil/core": "^2.0.0",
				"@stencil/router": "^1.0.1",
				"@types/bootstrap": "^5.0.16"
			}
		},
		"node_modules/@popperjs/core": {
			"version": "2.9.2",
			"resolved": "https://registry.npmjs.org/@popperjs/core/-/core-2.9.2.tgz",
			"integrity": "sha512-VZMYa7+fXHdwIq1TDhSXoVmSPEGM/aa+6Aiq3nVVJ9bXr24zScr+NlKFKC3iPljA7ho/GAZr+d2jOf5GIRC30Q==",
			"funding": {
				"type": "opencollective",
				"url": "https://opencollective.com/popperjs"
			}
		},
		"node_modules/@stencil/core": {
			"version": "2.6.0",
			"resolved": "https://registry.npmjs.org/@stencil/core/-/core-2.6.0.tgz",
			"integrity": "sha512-QsxWayZyusnqSZrlCl81R71rA3KqFjVVQSH4E0rGN15F1GdQaFonKlHLyCOLKLig1zzC+DQkLLiUuocexuvdeQ==",
			"dev": true,
			"bin": {
				"stencil": "bin/stencil"
			},
			"engines": {
				"node": ">=12.10.0",
				"npm": ">=6.0.0"
			}
		},
		"node_modules/@stencil/router": {
			"version": "1.0.1",
			"resolved": "https://registry.npmjs.org/@stencil/router/-/router-1.0.1.tgz",
			"integrity": "sha512-ZMholl1BE+glNAc/8pcEb9RYkeH0XETxsJbx6D7f3azTmaTXqKYty1IACP/3BtVjuimpfLdxQJ+J95wKmnYBtA==",
			"dev": true,
			"dependencies": {
				"@stencil/state-tunnel": "^1.0.1"
			}
		},
		"node_modules/@stencil/state-tunnel": {
			"version": "1.0.1",
			"resolved": "https://registry.npmjs.org/@stencil/state-tunnel/-/state-tunnel-1.0.1.tgz",
			"integrity": "sha512-DYG8uROgL9hkjVTCtCfRBb0d3FwpiFB0muRrNZQ2X1Qo5hxMuNNji76/ILddqeq0AfgkKCW82xrMPDpy+rNIhQ==",
			"dev": true
		},
		"node_modules/@types/bootstrap": {
			"version": "5.0.16",
			"resolved": "https://registry.npmjs.org/@types/bootstrap/-/bootstrap-5.0.16.tgz",
			"integrity": "sha512-uhtf4ELsDQVJiSDKHcuTukSn1J130q8efihDD2COk7t3XCHOSvdWqy0alIRqhzfQ3ZCUybVolLrVG4EsIF87yQ==",
			"dev": true,
			"dependencies": {
				"@popperjs/core": "^2.9.2",
				"@types/jquery": "*"
			}
		},
		"node_modules/@types/jquery": {
			"version": "3.5.5",
			"resolved": "https://registry.npmjs.org/@types/jquery/-/jquery-3.5.5.tgz",
			"integrity": "sha512-6RXU9Xzpc6vxNrS6FPPapN1SxSHgQ336WC6Jj/N8q30OiaBZ00l1GBgeP7usjVZPivSkGUfL1z/WW6TX989M+w==",
			"dev": true,
			"dependencies": {
				"@types/sizzle": "*"
			}
		},
		"node_modules/@types/sizzle": {
			"version": "2.3.3",
			"resolved": "https://registry.npmjs.org/@types/sizzle/-/sizzle-2.3.3.tgz",
			"integrity": "sha512-JYM8x9EGF163bEyhdJBpR2QX1R5naCJHC8ucJylJ3w9/CVBaskdQ8WqBf8MmQrd1kRvp/a4TS8HJ+bxzR7ZJYQ==",
			"dev": true
		},
		"node_modules/bootstrap": {
			"version": "5.0.2",
			"resolved": "https://registry.npmjs.org/bootstrap/-/bootstrap-5.0.2.tgz",
			"integrity": "sha512-1Ge963tyEQWJJ+8qtXFU6wgmAVj9gweEjibUdbmcCEYsn38tVwRk8107rk2vzt6cfQcRr3SlZ8aQBqaD8aqf+Q==",
			"funding": {
				"type": "opencollective",
				"url": "https://opencollective.com/bootstrap"
			},
			"peerDependencies": {
				"@popperjs/core": "^2.9.2"
			}
		},
		"node_modules/rxjs": {
			"version": "7.2.0",
			"resolved": "https://registry.npmjs.org/rxjs/-/rxjs-7.2.0.tgz",
			"integrity": "sha512-aX8w9OpKrQmiPKfT1bqETtUr9JygIz6GZ+gql8v7CijClsP0laoFUdKzxFAoWuRdSlOdU2+crss+cMf+cqMTnw==",
			"dependencies": {
				"tslib": "~2.1.0"
			}
		},
		"node_modules/tslib": {
			"version": "2.1.0",
			"resolved": "https://registry.npmjs.org/tslib/-/tslib-2.1.0.tgz",
			"integrity": "sha512-hcVC3wYEziELGGmEEXue7D75zbwIIVUMWAVbHItGPx0ziyXxrOMQx4rQEVEV45Ut/1IotuEvwqPopzIOkDMf0A=="
		}
	},
	"dependencies": {
		"@popperjs/core": {
			"version": "2.9.2",
			"resolved": "https://registry.npmjs.org/@popperjs/core/-/core-2.9.2.tgz",
			"integrity": "sha512-VZMYa7+fXHdwIq1TDhSXoVmSPEGM/aa+6Aiq3nVVJ9bXr24zScr+NlKFKC3iPljA7ho/GAZr+d2jOf5GIRC30Q=="
		},
		"@stencil/core": {
			"version": "2.6.0",
			"resolved": "https://registry.npmjs.org/@stencil/core/-/core-2.6.0.tgz",
			"integrity": "sha512-QsxWayZyusnqSZrlCl81R71rA3KqFjVVQSH4E0rGN15F1GdQaFonKlHLyCOLKLig1zzC+DQkLLiUuocexuvdeQ==",
			"dev": true
		},
		"@stencil/router": {
			"version": "1.0.1",
			"resolved": "https://registry.npmjs.org/@stencil/router/-/router-1.0.1.tgz",
			"integrity": "sha512-ZMholl1BE+glNAc/8pcEb9RYkeH0XETxsJbx6D7f3azTmaTXqKYty1IACP/3BtVjuimpfLdxQJ+J95wKmnYBtA==",
			"dev": true,
			"requires": {
				"@stencil/state-tunnel": "^1.0.1"
			}
		},
		"@stencil/state-tunnel": {
			"version": "1.0.1",
			"resolved": "https://registry.npmjs.org/@stencil/state-tunnel/-/state-tunnel-1.0.1.tgz",
			"integrity": "sha512-DYG8uROgL9hkjVTCtCfRBb0d3FwpiFB0muRrNZQ2X1Qo5hxMuNNji76/ILddqeq0AfgkKCW82xrMPDpy+rNIhQ==",
			"dev": true
		},
		"@types/bootstrap": {
			"version": "5.0.16",
			"resolved": "https://registry.npmjs.org/@types/bootstrap/-/bootstrap-5.0.16.tgz",
			"integrity": "sha512-uhtf4ELsDQVJiSDKHcuTukSn1J130q8efihDD2COk7t3XCHOSvdWqy0alIRqhzfQ3ZCUybVolLrVG4EsIF87yQ==",
			"dev": true,
			"requires": {
				"@popperjs/core": "^2.9.2",
				"@types/jquery": "*"
			}
		},
		"@types/jquery": {
			"version": "3.5.5",
			"resolved": "https://registry.npmjs.org/@types/jquery/-/jquery-3.5.5.tgz",
			"integrity": "sha512-6RXU9Xzpc6vxNrS6FPPapN1SxSHgQ336WC6Jj/N8q30OiaBZ00l1GBgeP7usjVZPivSkGUfL1z/WW6TX989M+w==",
			"dev": true,
			"requires": {
				"@types/sizzle": "*"
			}
		},
		"@types/sizzle": {
			"version": "2.3.3",
			"resolved": "https://registry.npmjs.org/@types/sizzle/-/sizzle-2.3.3.tgz",
			"integrity": "sha512-JYM8x9EGF163bEyhdJBpR2QX1R5naCJHC8ucJylJ3w9/CVBaskdQ8WqBf8MmQrd1kRvp/a4TS8HJ+bxzR7ZJYQ==",
			"dev": true
		},
		"bootstrap": {
			"version": "5.0.2",
			"resolved": "https://registry.npmjs.org/bootstrap/-/bootstrap-5.0.2.tgz",
			"integrity": "sha512-1Ge963tyEQWJJ+8qtXFU6wgmAVj9gweEjibUdbmcCEYsn38tVwRk8107rk2vzt6cfQcRr3SlZ8aQBqaD8aqf+Q==",
			"requires": {}
		},
		"rxjs": {
			"version": "7.2.0",
			"resolved": "https://registry.npmjs.org/rxjs/-/rxjs-7.2.0.tgz",
			"integrity": "sha512-aX8w9OpKrQmiPKfT1bqETtUr9JygIz6GZ+gql8v7CijClsP0laoFUdKzxFAoWuRdSlOdU2+crss+cMf+cqMTnw==",
			"requires": {
				"tslib": "~2.1.0"
			}
		},
		"tslib": {
			"version": "2.1.0",
			"resolved": "https://registry.npmjs.org/tslib/-/tslib-2.1.0.tgz",
			"integrity": "sha512-hcVC3wYEziELGGmEEXue7D75zbwIIVUMWAVbHItGPx0ziyXxrOMQx4rQEVEV45Ut/1IotuEvwqPopzIOkDMf0A=="
		}
	}
}