{
	"name": "stencil-lesson",
	"version": "0.0.1",
	"lockfileVersion": 2,
	"requires": true,
	"packages": {
		"": {
			"name": "stencil-lesson",
			"version": "0.0.1",
			"license": "MIT",
			"dependencies": {
				"bootstrap": "^5.0.2",
				"rxjs": "^7.2.0"
			},
			"devDependencies": {
				"@stencil/core": "^2.9.0",
				"@stencil/router": "^1.0.1",
				"@types/bootstrap": "^5.0.16"
			}
		},
		"node_modules/@popperjs/core": {
			"version": "2.10.2",
			"resolved": "https://registry.npmjs.org/@popperjs/core/-/core-2.10.2.tgz",
			"integrity": "sha512-IXf3XA7+XyN7CP9gGh/XB0UxVMlvARGEgGXLubFICsUMGz6Q+DU+i4gGlpOxTjKvXjkJDJC8YdqdKkDj9qZHEQ==",
			"dev": true,
			"funding": {
				"type": "opencollective",
				"url": "https://opencollective.com/popperjs"
			}
		},
		"node_modules/@stencil/core": {
			"version": "2.9.0",
			"resolved": "https://registry.npmjs.org/@stencil/core/-/core-2.9.0.tgz",
			"integrity": "sha512-kY3xYolZoJO1MKslL0NQccHy72R3TIl1prHgfmIrEoGcnMgc6uiskdWaGMuI5/sCGz9T+QuTVz76B1H2ySyBZg==",
			"dev": true,
			"bin": {
				"stencil": "bin/stencil"
			},
			"engines": {
				"node": ">=12.10.0",
				"npm": ">=6.0.0"
			}
		},
		"node_modules/@stencil/router": {
			"version": "1.0.1",
			"resolved": "https://registry.npmjs.org/@stencil/router/-/router-1.0.1.tgz",
			"integrity": "sha512-ZMholl1BE+glNAc/8pcEb9RYkeH0XETxsJbx6D7f3azTmaTXqKYty1IACP/3BtVjuimpfLdxQJ+J95wKmnYBtA==",
			"dev": true,
			"dependencies": {
				"@stencil/state-tunnel": "^1.0.1"
			}
		},
		"node_modules/@stencil/state-tunnel": {
			"version": "1.0.1",
			"resolved": "https://registry.npmjs.org/@stencil/state-tunnel/-/state-tunnel-1.0.1.tgz",
			"integrity": "sha512-DYG8uROgL9hkjVTCtCfRBb0d3FwpiFB0muRrNZQ2X1Qo5hxMuNNji76/ILddqeq0AfgkKCW82xrMPDpy+rNIhQ==",
			"dev": true
		},
		"node_modules/@types/bootstrap": {
			"version": "5.1.6",
			"resolved": "https://registry.npmjs.org/@types/bootstrap/-/bootstrap-5.1.6.tgz",
			"integrity": "sha512-3L6IvOCKyoVd3e4bgQTH7VBPbuYEOG8IQbRcuZ0AbjfwPdRX+kVf5L/7mVt1EVM+D/BVw4+71rtp7Z8yYROlpQ==",
			"dev": true,
			"dependencies": {
				"@popperjs/core": "^2.9.2",
				"@types/jquery": "*"
			}
		},
		"node_modules/@types/jquery": {
			"version": "3.5.7",
			"resolved": "https://registry.npmjs.org/@types/jquery/-/jquery-3.5.7.tgz",
			"integrity": "sha512-Why+9t1KuqWtIqYKtbk6wgWbE1PjyXJOyGkpmTUh0RX5p4HL7nnRuBkjAO9P2r9tGQP6bLWxl77jRLew3V5xXg==",
			"dev": true,
			"dependencies": {
				"@types/sizzle": "*"
			}
		},
		"node_modules/@types/sizzle": {
			"version": "2.3.3",
			"resolved": "https://registry.npmjs.org/@types/sizzle/-/sizzle-2.3.3.tgz",
			"integrity": "sha512-JYM8x9EGF163bEyhdJBpR2QX1R5naCJHC8ucJylJ3w9/CVBaskdQ8WqBf8MmQrd1kRvp/a4TS8HJ+bxzR7ZJYQ==",
			"dev": true
		},
		"node_modules/bootstrap": {
			"version": "5.1.3",
			"resolved": "https://registry.npmjs.org/bootstrap/-/bootstrap-5.1.3.tgz",
			"integrity": "sha512-fcQztozJ8jToQWXxVuEyXWW+dSo8AiXWKwiSSrKWsRB/Qt+Ewwza+JWoLKiTuQLaEPhdNAJ7+Dosc9DOIqNy7Q==",
			"funding": {
				"type": "opencollective",
				"url": "https://opencollective.com/bootstrap"
			},
			"peerDependencies": {
				"@popperjs/core": "^2.10.2"
			}
		},
		"node_modules/rxjs": {
			"version": "7.4.0",
			"resolved": "https://registry.npmjs.org/rxjs/-/rxjs-7.4.0.tgz",
			"integrity": "sha512-7SQDi7xeTMCJpqViXh8gL/lebcwlp3d831F05+9B44A4B0WfsEwUQHR64gsH1kvJ+Ep/J9K2+n1hVl1CsGN23w==",
			"dependencies": {
				"tslib": "~2.1.0"
			}
		},
		"node_modules/tslib": {
			"version": "2.1.0",
			"resolved": "https://registry.npmjs.org/tslib/-/tslib-2.1.0.tgz",
			"integrity": "sha512-hcVC3wYEziELGGmEEXue7D75zbwIIVUMWAVbHItGPx0ziyXxrOMQx4rQEVEV45Ut/1IotuEvwqPopzIOkDMf0A=="
		}
	},
	"dependencies": {
		"@popperjs/core": {
			"version": "2.10.2",
			"resolved": "https://registry.npmjs.org/@popperjs/core/-/core-2.10.2.tgz",
			"integrity": "sha512-IXf3XA7+XyN7CP9gGh/XB0UxVMlvARGEgGXLubFICsUMGz6Q+DU+i4gGlpOxTjKvXjkJDJC8YdqdKkDj9qZHEQ==",
			"dev": true
		},
		"@stencil/core": {
			"version": "2.9.0",
			"resolved": "https://registry.npmjs.org/@stencil/core/-/core-2.9.0.tgz",
			"integrity": "sha512-kY3xYolZoJO1MKslL0NQccHy72R3TIl1prHgfmIrEoGcnMgc6uiskdWaGMuI5/sCGz9T+QuTVz76B1H2ySyBZg==",
			"dev": true
		},
		"@stencil/router": {
			"version": "1.0.1",
			"resolved": "https://registry.npmjs.org/@stencil/router/-/router-1.0.1.tgz",
			"integrity": "sha512-ZMholl1BE+glNAc/8pcEb9RYkeH0XETxsJbx6D7f3azTmaTXqKYty1IACP/3BtVjuimpfLdxQJ+J95wKmnYBtA==",
			"dev": true,
			"requires": {
				"@stencil/state-tunnel": "^1.0.1"
			}
		},
		"@stencil/state-tunnel": {
			"version": "1.0.1",
			"resolved": "https://registry.npmjs.org/@stencil/state-tunnel/-/state-tunnel-1.0.1.tgz",
			"integrity": "sha512-DYG8uROgL9hkjVTCtCfRBb0d3FwpiFB0muRrNZQ2X1Qo5hxMuNNji76/ILddqeq0AfgkKCW82xrMPDpy+rNIhQ==",
			"dev": true
		},
		"@types/bootstrap": {
			"version": "5.1.6",
			"resolved": "https://registry.npmjs.org/@types/bootstrap/-/bootstrap-5.1.6.tgz",
			"integrity": "sha512-3L6IvOCKyoVd3e4bgQTH7VBPbuYEOG8IQbRcuZ0AbjfwPdRX+kVf5L/7mVt1EVM+D/BVw4+71rtp7Z8yYROlpQ==",
			"dev": true,
			"requires": {
				"@popperjs/core": "^2.9.2",
				"@types/jquery": "*"
			}
		},
		"@types/jquery": {
			"version": "3.5.7",
			"resolved": "https://registry.npmjs.org/@types/jquery/-/jquery-3.5.7.tgz",
			"integrity": "sha512-Why+9t1KuqWtIqYKtbk6wgWbE1PjyXJOyGkpmTUh0RX5p4HL7nnRuBkjAO9P2r9tGQP6bLWxl77jRLew3V5xXg==",
			"dev": true,
			"requires": {
				"@types/sizzle": "*"
			}
		},
		"@types/sizzle": {
			"version": "2.3.3",
			"resolved": "https://registry.npmjs.org/@types/sizzle/-/sizzle-2.3.3.tgz",
			"integrity": "sha512-JYM8x9EGF163bEyhdJBpR2QX1R5naCJHC8ucJylJ3w9/CVBaskdQ8WqBf8MmQrd1kRvp/a4TS8HJ+bxzR7ZJYQ==",
			"dev": true
		},
		"bootstrap": {
			"version": "5.1.3",
			"resolved": "https://registry.npmjs.org/bootstrap/-/bootstrap-5.1.3.tgz",
			"integrity": "sha512-fcQztozJ8jToQWXxVuEyXWW+dSo8AiXWKwiSSrKWsRB/Qt+Ewwza+JWoLKiTuQLaEPhdNAJ7+Dosc9DOIqNy7Q=="
		},
		"rxjs": {
			"version": "7.4.0",
			"resolved": "https://registry.npmjs.org/rxjs/-/rxjs-7.4.0.tgz",
			"integrity": "sha512-7SQDi7xeTMCJpqViXh8gL/lebcwlp3d831F05+9B44A4B0WfsEwUQHR64gsH1kvJ+Ep/J9K2+n1hVl1CsGN23w==",
			"requires": {
				"tslib": "~2.1.0"
			}
		},
		"tslib": {
			"version": "2.1.0",
			"resolved": "https://registry.npmjs.org/tslib/-/tslib-2.1.0.tgz",
			"integrity": "sha512-hcVC3wYEziELGGmEEXue7D75zbwIIVUMWAVbHItGPx0ziyXxrOMQx4rQEVEV45Ut/1IotuEvwqPopzIOkDMf0A=="
		}
	}
}